{
  "name": "blazor-wasm-single-spa",
  "version": "0.1.0",
  "lockfileVersion": 2,
  "requires": true,
  "packages": {
    "": {
      "name": "blazor-wasm-single-spa",
      "version": "0.1.0",
      "license": "MIT",
      "devDependencies": {
        "single-spa": "^6.0.0",
        "typescript": "^5.3.3"
      }
    },
    "node_modules/single-spa": {
      "version": "6.0.0",
      "resolved": "https://registry.npmjs.org/single-spa/-/single-spa-6.0.0.tgz",
      "integrity": "sha512-wFHWD0dNHb1oJF1yGWIkvIpovUUGyES2ljkqy80wMIC73AdCTcKCyJBP1DqoU8pUZrfu2ccLaFIKL2PVrAOpOg==",
      "dev": true
    },
    "node_modules/typescript": {
      "version": "5.3.3",
      "resolved": "https://registry.npmjs.org/typescript/-/typescript-5.3.3.tgz",
      "integrity": "sha512-pXWcraxM0uxAS+tN0AG/BF2TyqmHO014Z070UsJ+pFvYuRSq8KH8DmWpnbXe0pEPDHXZV3FcAbJkijJ5oNEnWw==",
      "dev": true,
      "bin": {
        "tsc": "bin/tsc",
        "tsserver": "bin/tsserver"
      },
      "engines": {
        "node": ">=14.17"
      }
    }
  },
  "dependencies": {
    "single-spa": {
      "version": "6.0.0",
      "resolved": "https://registry.npmjs.org/single-spa/-/single-spa-6.0.0.tgz",
      "integrity": "sha512-wFHWD0dNHb1oJF1yGWIkvIpovUUGyES2ljkqy80wMIC73AdCTcKCyJBP1DqoU8pUZrfu2ccLaFIKL2PVrAOpOg==",
      "dev": true
    },
    "typescript": {
      "version": "5.3.3",
      "resolved": "https://registry.npmjs.org/typescript/-/typescript-5.3.3.tgz",
      "integrity": "sha512-pXWcraxM0uxAS+tN0AG/BF2TyqmHO014Z070UsJ+pFvYuRSq8KH8DmWpnbXe0pEPDHXZV3FcAbJkijJ5oNEnWw==",
      "dev": true
    }
  }
}
